
Microsoft Visual Studio Solution File, Format Version 12.00
# Visual Studio Version 17
VisualStudioVersion = 17.11.35327.3
MinimumVisualStudioVersion = 10.0.40219.1
Project("{FAE04EC0-301F-11D3-BF4B-00C04F79EFBC}") = "mezunbilgisistemi(proje ödevi)", "mezunbilgisistemi(proje ödevi).csproj", "{72BF5F81-786C-45F3-B5FF-DDD683E8184A}"
EndProject
Global
	GlobalSection(SolutionConfigurationPlatforms) = preSolution
		Debug|Any CPU = Debug|Any CPU
		Release|Any CPU = Release|Any CPU
	EndGlobalSection
	GlobalSection(ProjectConfigurationPlatforms) = postSolution
		{72BF5F81-786C-45F3-B5FF-DDD683E8184A}.Debug|Any CPU.ActiveCfg = Debug|Any CPU
		{72BF5F81-786C-45F3-B5FF-DDD683E8184A}.Debug|Any CPU.Build.0 = Debug|Any CPU
		{72BF5F81-786C-45F3-B5FF-DDD683E8184A}.Release|Any CPU.ActiveCfg = Release|Any CPU
		{72BF5F81-786C-45F3-B5FF-DDD683E8184A}.Release|Any CPU.Build.0 = Release|Any CPU
	EndGlobalSection
	GlobalSection(SolutionProperties) = preSolution
		HideSolutionNode = FALSE
	EndGlobalSection
	GlobalSection(ExtensibilityGlobals) = postSolution
		SolutionGuid = {42F34785-A44E-417D-883A-BB933A10A258}
	EndGlobalSection
EndGlobal
